
Microsoft Visual Studio Solution File, Format Version 12.00
Project("{FAE04EC0-301F-11D3-BF4B-00C04F79EFBC}") = "yahtzee-dice", "yahtzee-dice\yahtzee-dice.csproj", "{405B5473-B65A-4847-ABB7-A8454E8C49EA}"
EndProject
Global
	GlobalSection(SolutionConfigurationPlatforms) = preSolution
		Debug|Any CPU = Debug|Any CPU
		Release|Any CPU = Release|Any CPU
	EndGlobalSection
	GlobalSection(ProjectConfigurationPlatforms) = postSolution
		{405B5473-B65A-4847-ABB7-A8454E8C49EA}.Debug|Any CPU.ActiveCfg = Debug|Any CPU
		{405B5473-B65A-4847-ABB7-A8454E8C49EA}.Debug|Any CPU.Build.0 = Debug|Any CPU
		{405B5473-B65A-4847-ABB7-A8454E8C49EA}.Release|Any CPU.ActiveCfg = Release|Any CPU
		{405B5473-B65A-4847-ABB7-A8454E8C49EA}.Release|Any CPU.Build.0 = Release|Any CPU
	EndGlobalSection
EndGlobal
